// !$*UTF8*$!
{
	archiveVersion = 1;
	classes = {
	};
	objectVersion = 50;
	objects = {

/* Begin PBXBuildFile section */
		81129E62239B6B6E00291B35 /* AddCampSiteVC.swift in Sources */ = {isa = PBXBuildFile; fileRef = 81129E61239B6B6D00291B35 /* AddCampSiteVC.swift */; };
		811DA4AD2398E72200CA8367 /* CampSites.json in Resources */ = {isa = PBXBuildFile; fileRef = 811DA4AC2398E72200CA8367 /* CampSites.json */; };
		811DA4B123991F8C00CA8367 /* MarkerView.swift in Sources */ = {isa = PBXBuildFile; fileRef = 811DA4B023991F8C00CA8367 /* MarkerView.swift */; };
		811DA4B4239959E700CA8367 /* LocationsInYSPark.json in Resources */ = {isa = PBXBuildFile; fileRef = 811DA4B3239959E700CA8367 /* LocationsInYSPark.json */; };
		811DA4B623995EA900CA8367 /* Marker.swift in Sources */ = {isa = PBXBuildFile; fileRef = 811DA4B523995EA900CA8367 /* Marker.swift */; };
		811DA4B823995EEC00CA8367 /* MarkerManager.swift in Sources */ = {isa = PBXBuildFile; fileRef = 811DA4B723995EEC00CA8367 /* MarkerManager.swift */; };
		811DA4BA239A4FDA00CA8367 /* CamperManager.swift in Sources */ = {isa = PBXBuildFile; fileRef = 811DA4B9239A4FDA00CA8367 /* CamperManager.swift */; };
		819E00172393F4CD00389898 /* AppDelegate.swift in Sources */ = {isa = PBXBuildFile; fileRef = 819E00162393F4CD00389898 /* AppDelegate.swift */; };
		819E00192393F4CD00389898 /* SceneDelegate.swift in Sources */ = {isa = PBXBuildFile; fileRef = 819E00182393F4CD00389898 /* SceneDelegate.swift */; };
		819E001B2393F4CD00389898 /* ViewController.swift in Sources */ = {isa = PBXBuildFile; fileRef = 819E001A2393F4CD00389898 /* ViewController.swift */; };
		819E001E2393F4CD00389898 /* Main.storyboard in Resources */ = {isa = PBXBuildFile; fileRef = 819E001C2393F4CD00389898 /* Main.storyboard */; };
		819E00202393F4CD00389898 /* Assets.xcassets in Resources */ = {isa = PBXBuildFile; fileRef = 819E001F2393F4CD00389898 /* Assets.xcassets */; };
		819E00232393F4CD00389898 /* LaunchScreen.storyboard in Resources */ = {isa = PBXBuildFile; fileRef = 819E00212393F4CD00389898 /* LaunchScreen.storyboard */; };
		819E00482393F83200389898 /* readme.txt in Resources */ = {isa = PBXBuildFile; fileRef = 819E00472393F83200389898 /* readme.txt */; };
		819E004A2393F83B00389898 /* .swiftlint.yml in Resources */ = {isa = PBXBuildFile; fileRef = 819E00492393F83B00389898 /* .swiftlint.yml */; };
		819E004D2394171A00389898 /* Constants.swift in Sources */ = {isa = PBXBuildFile; fileRef = 819E004C2394171A00389898 /* Constants.swift */; };
/* End PBXBuildFile section */

/* Begin PBXFileReference section */
		81129E61239B6B6D00291B35 /* AddCampSiteVC.swift */ = {isa = PBXFileReference; fileEncoding = 4; lastKnownFileType = sourcecode.swift; path = AddCampSiteVC.swift; sourceTree = "<group>"; };
		811DA4AC2398E72200CA8367 /* CampSites.json */ = {isa = PBXFileReference; fileEncoding = 4; lastKnownFileType = text.json; path = CampSites.json; sourceTree = "<group>"; };
		811DA4B023991F8C00CA8367 /* MarkerView.swift */ = {isa = PBXFileReference; fileEncoding = 4; lastKnownFileType = sourcecode.swift; path = MarkerView.swift; sourceTree = "<group>"; };
		811DA4B3239959E700CA8367 /* LocationsInYSPark.json */ = {isa = PBXFileReference; fileEncoding = 4; lastKnownFileType = text.json; path = LocationsInYSPark.json; sourceTree = "<group>"; };
		811DA4B523995EA900CA8367 /* Marker.swift */ = {isa = PBXFileReference; fileEncoding = 4; lastKnownFileType = sourcecode.swift; path = Marker.swift; sourceTree = "<group>"; };
		811DA4B723995EEC00CA8367 /* MarkerManager.swift */ = {isa = PBXFileReference; fileEncoding = 4; lastKnownFileType = sourcecode.swift; path = MarkerManager.swift; sourceTree = "<group>"; };
		811DA4B9239A4FDA00CA8367 /* CamperManager.swift */ = {isa = PBXFileReference; fileEncoding = 4; lastKnownFileType = sourcecode.swift; path = CamperManager.swift; sourceTree = "<group>"; };
		819E00132393F4CD00389898 /* StructionSite.app */ = {isa = PBXFileReference; explicitFileType = wrapper.application; includeInIndex = 0; path = StructionSite.app; sourceTree = BUILT_PRODUCTS_DIR; };
		819E00162393F4CD00389898 /* AppDelegate.swift */ = {isa = PBXFileReference; lastKnownFileType = sourcecode.swift; path = AppDelegate.swift; sourceTree = "<group>"; };
		819E00182393F4CD00389898 /* SceneDelegate.swift */ = {isa = PBXFileReference; lastKnownFileType = sourcecode.swift; path = SceneDelegate.swift; sourceTree = "<group>"; };
		819E001A2393F4CD00389898 /* ViewController.swift */ = {isa = PBXFileReference; lastKnownFileType = sourcecode.swift; path = ViewController.swift; sourceTree = "<group>"; };
		819E001D2393F4CD00389898 /* Base */ = {isa = PBXFileReference; lastKnownFileType = file.storyboard; name = Base; path = Base.lproj/Main.storyboard; sourceTree = "<group>"; };
		819E001F2393F4CD00389898 /* Assets.xcassets */ = {isa = PBXFileReference; lastKnownFileType = folder.assetcatalog; path = Assets.xcassets; sourceTree = "<group>"; };
		819E00222393F4CD00389898 /* Base */ = {isa = PBXFileReference; lastKnownFileType = file.storyboard; name = Base; path = Base.lproj/LaunchScreen.storyboard; sourceTree = "<group>"; };
		819E00242393F4CD00389898 /* Info.plist */ = {isa = PBXFileReference; lastKnownFileType = text.plist.xml; path = Info.plist; sourceTree = "<group>"; };
		819E00472393F83200389898 /* readme.txt */ = {isa = PBXFileReference; fileEncoding = 4; lastKnownFileType = text; path = readme.txt; sourceTree = "<group>"; };
		819E00492393F83B00389898 /* .swiftlint.yml */ = {isa = PBXFileReference; fileEncoding = 4; lastKnownFileType = text.yaml; path = .swiftlint.yml; sourceTree = "<group>"; };
		819E004C2394171A00389898 /* Constants.swift */ = {isa = PBXFileReference; fileEncoding = 4; lastKnownFileType = sourcecode.swift; path = Constants.swift; sourceTree = "<group>"; };
/* End PBXFileReference section */

/* Begin PBXFrameworksBuildPhase section */
		819E00102393F4CD00389898 /* Frameworks */ = {
			isa = PBXFrameworksBuildPhase;
			buildActionMask = 2147483647;
			files = (
			);
			runOnlyForDeploymentPostprocessing = 0;
		};
/* End PBXFrameworksBuildPhase section */

/* Begin PBXGroup section */
		811DA4B223991F9500CA8367 /* View */ = {
			isa = PBXGroup;
			children = (
				811DA4B023991F8C00CA8367 /* MarkerView.swift */,
			);
			path = View;
			sourceTree = "<group>";
		};
		819E000A2393F4CD00389898 = {
			isa = PBXGroup;
			children = (
				819E00492393F83B00389898 /* .swiftlint.yml */,
				819E00472393F83200389898 /* readme.txt */,
				819E00152393F4CD00389898 /* StructionSite */,
				819E00142393F4CD00389898 /* Products */,
			);
			sourceTree = "<group>";
		};
		819E00142393F4CD00389898 /* Products */ = {
			isa = PBXGroup;
			children = (
				819E00132393F4CD00389898 /* StructionSite.app */,
			);
			name = Products;
			sourceTree = "<group>";
		};
		819E00152393F4CD00389898 /* StructionSite */ = {
			isa = PBXGroup;
			children = (
				819E004E2394172200389898 /* Constants */,
				819E00562394228500389898 /* Models */,
				811DA4B223991F9500CA8367 /* View */,
				819E00572394229500389898 /* Controller */,
				819E00162393F4CD00389898 /* AppDelegate.swift */,
				819E00182393F4CD00389898 /* SceneDelegate.swift */,
				819E001C2393F4CD00389898 /* Main.storyboard */,
				819E001F2393F4CD00389898 /* Assets.xcassets */,
				819E00212393F4CD00389898 /* LaunchScreen.storyboard */,
				819E00242393F4CD00389898 /* Info.plist */,
			);
			path = StructionSite;
			sourceTree = "<group>";
		};
		819E004E2394172200389898 /* Constants */ = {
			isa = PBXGroup;
			children = (
				819E004C2394171A00389898 /* Constants.swift */,
			);
			path = Constants;
			sourceTree = "<group>";
		};
		819E00562394228500389898 /* Models */ = {
			isa = PBXGroup;
			children = (
				811DA4B3239959E700CA8367 /* LocationsInYSPark.json */,
				811DA4AC2398E72200CA8367 /* CampSites.json */,
				811DA4B723995EEC00CA8367 /* MarkerManager.swift */,
				811DA4B9239A4FDA00CA8367 /* CamperManager.swift */,
				811DA4B523995EA900CA8367 /* Marker.swift */,
			);
			path = Models;
			sourceTree = "<group>";
		};
		819E00572394229500389898 /* Controller */ = {
			isa = PBXGroup;
			children = (
				819E001A2393F4CD00389898 /* ViewController.swift */,
				81129E61239B6B6D00291B35 /* AddCampSiteVC.swift */,
			);
			path = Controller;
			sourceTree = "<group>";
		};
/* End PBXGroup section */

/* Begin PBXNativeTarget section */
		819E00122393F4CD00389898 /* StructionSite */ = {
			isa = PBXNativeTarget;
			buildConfigurationList = 819E00272393F4CD00389898 /* Build configuration list for PBXNativeTarget "StructionSite" */;
			buildPhases = (
				819E000F2393F4CD00389898 /* Sources */,
				819E00102393F4CD00389898 /* Frameworks */,
				819E00112393F4CD00389898 /* Resources */,
				819E004B2393F87C00389898 /* ShellScript */,
			);
			buildRules = (
			);
			dependencies = (
			);
			name = StructionSite;
			productName = StructionSite;
			productReference = 819E00132393F4CD00389898 /* StructionSite.app */;
			productType = "com.apple.product-type.application";
		};
/* End PBXNativeTarget section */

/* Begin PBXProject section */
		819E000B2393F4CD00389898 /* Project object */ = {
			isa = PBXProject;
			attributes = {
				LastSwiftUpdateCheck = 1120;
				LastUpgradeCheck = 1120;
				ORGANIZATIONNAME = "Vipul Arvind";
				TargetAttributes = {
					819E00122393F4CD00389898 = {
						CreatedOnToolsVersion = 11.2.1;
					};
				};
			};
			buildConfigurationList = 819E000E2393F4CD00389898 /* Build configuration list for PBXProject "StructionSite" */;
			compatibilityVersion = "Xcode 9.3";
			developmentRegion = en;
			hasScannedForEncodings = 0;
			knownRegions = (
				en,
				Base,
			);
			mainGroup = 819E000A2393F4CD00389898;
			productRefGroup = 819E00142393F4CD00389898 /* Products */;
			projectDirPath = "";
			projectRoot = "";
			targets = (
				819E00122393F4CD00389898 /* StructionSite */,
			);
		};
/* End PBXProject section */

/* Begin PBXResourcesBuildPhase section */
		819E00112393F4CD00389898 /* Resources */ = {
			isa = PBXResourcesBuildPhase;
			buildActionMask = 2147483647;
			files = (
				819E004A2393F83B00389898 /* .swiftlint.yml in Resources */,
				811DA4AD2398E72200CA8367 /* CampSites.json in Resources */,
				819E00232393F4CD00389898 /* LaunchScreen.storyboard in Resources */,
				811DA4B4239959E700CA8367 /* LocationsInYSPark.json in Resources */,
				819E00202393F4CD00389898 /* Assets.xcassets in Resources */,
				819E00482393F83200389898 /* readme.txt in Resources */,
				819E001E2393F4CD00389898 /* Main.storyboard in Resources */,
			);
			runOnlyForDeploymentPostprocessing = 0;
		};
/* End PBXResourcesBuildPhase section */

/* Begin PBXShellScriptBuildPhase section */
		819E004B2393F87C00389898 /* ShellScript */ = {
			isa = PBXShellScriptBuildPhase;
			buildActionMask = 2147483647;
			files = (
			);
			inputFileListPaths = (
			);
			inputPaths = (
			);
			outputFileListPaths = (
			);
			outputPaths = (
			);
			runOnlyForDeploymentPostprocessing = 0;
			shellPath = /bin/sh;
			shellScript = "if which swiftlint >/dev/null; then\nswiftlint\nelse\necho \"warning: SwiftLint not installed, download from https://github.com/realm/SwiftLint\"\nfi\n";
		};
/* End PBXShellScriptBuildPhase section */

/* Begin PBXSourcesBuildPhase section */
		819E000F2393F4CD00389898 /* Sources */ = {
			isa = PBXSourcesBuildPhase;
			buildActionMask = 2147483647;
			files = (
				819E001B2393F4CD00389898 /* ViewController.swift in Sources */,
				811DA4BA239A4FDA00CA8367 /* CamperManager.swift in Sources */,
				811DA4B623995EA900CA8367 /* Marker.swift in Sources */,
				819E00172393F4CD00389898 /* AppDelegate.swift in Sources */,
				811DA4B823995EEC00CA8367 /* MarkerManager.swift in Sources */,
				811DA4B123991F8C00CA8367 /* MarkerView.swift in Sources */,
				81129E62239B6B6E00291B35 /* AddCampSiteVC.swift in Sources */,
				819E00192393F4CD00389898 /* SceneDelegate.swift in Sources */,
				819E004D2394171A00389898 /* Constants.swift in Sources */,
			);
			runOnlyForDeploymentPostprocessing = 0;
		};
/* End PBXSourcesBuildPhase section */

/* Begin PBXVariantGroup section */
		819E001C2393F4CD00389898 /* Main.storyboard */ = {
			isa = PBXVariantGroup;
			children = (
				819E001D2393F4CD00389898 /* Base */,
			);
			name = Main.storyboard;
			sourceTree = "<group>";
		};
		819E00212393F4CD00389898 /* LaunchScreen.storyboard */ = {
			isa = PBXVariantGroup;
			children = (
				819E00222393F4CD00389898 /* Base */,
			);
			name = LaunchScreen.storyboard;
			sourceTree = "<group>";
		};
/* End PBXVariantGroup section */

/* Begin XCBuildConfiguration section */
		819E00252393F4CD00389898 /* Debug */ = {
			isa = XCBuildConfiguration;
			buildSettings = {
				ALWAYS_SEARCH_USER_PATHS = NO;
				CLANG_ANALYZER_NONNULL = YES;
				CLANG_ANALYZER_NUMBER_OBJECT_CONVERSION = YES_AGGRESSIVE;
				CLANG_CXX_LANGUAGE_STANDARD = "gnu++14";
				CLANG_CXX_LIBRARY = "libc++";
				CLANG_ENABLE_MODULES = YES;
				CLANG_ENABLE_OBJC_ARC = YES;
				CLANG_ENABLE_OBJC_WEAK = YES;
				CLANG_WARN_BLOCK_CAPTURE_AUTORELEASING = YES;
				CLANG_WARN_BOOL_CONVERSION = YES;
				CLANG_WARN_COMMA = YES;
				CLANG_WARN_CONSTANT_CONVERSION = YES;
				CLANG_WARN_DEPRECATED_OBJC_IMPLEMENTATIONS = YES;
				CLANG_WARN_DIRECT_OBJC_ISA_USAGE = YES_ERROR;
				CLANG_WARN_DOCUMENTATION_COMMENTS = YES;
				CLANG_WARN_EMPTY_BODY = YES;
				CLANG_WARN_ENUM_CONVERSION = YES;
				CLANG_WARN_INFINITE_RECURSION = YES;
				CLANG_WARN_INT_CONVERSION = YES;
				CLANG_WARN_NON_LITERAL_NULL_CONVERSION = YES;
				CLANG_WARN_OBJC_IMPLICIT_RETAIN_SELF = YES;
				CLANG_WARN_OBJC_LITERAL_CONVERSION = YES;
				CLANG_WARN_OBJC_ROOT_CLASS = YES_ERROR;
				CLANG_WARN_RANGE_LOOP_ANALYSIS = YES;
				CLANG_WARN_STRICT_PROTOTYPES = YES;
				CLANG_WARN_SUSPICIOUS_MOVE = YES;
				CLANG_WARN_UNGUARDED_AVAILABILITY = YES_AGGRESSIVE;
				CLANG_WARN_UNREACHABLE_CODE = YES;
				CLANG_WARN__DUPLICATE_METHOD_MATCH = YES;
				COPY_PHASE_STRIP = NO;
				DEBUG_INFORMATION_FORMAT = dwarf;
				ENABLE_STRICT_OBJC_MSGSEND = YES;
				ENABLE_TESTABILITY = YES;
				GCC_C_LANGUAGE_STANDARD = gnu11;
				GCC_DYNAMIC_NO_PIC = NO;
				GCC_NO_COMMON_BLOCKS = YES;
				GCC_OPTIMIZATION_LEVEL = 0;
				GCC_PREPROCESSOR_DEFINITIONS = (
					"DEBUG=1",
					"$(inherited)",
				);
				GCC_WARN_64_TO_32_BIT_CONVERSION = YES;
				GCC_WARN_ABOUT_RETURN_TYPE = YES_ERROR;
				GCC_WARN_UNDECLARED_SELECTOR = YES;
				GCC_WARN_UNINITIALIZED_AUTOS = YES_AGGRESSIVE;
				GCC_WARN_UNUSED_FUNCTION = YES;
				GCC_WARN_UNUSED_VARIABLE = YES;
				IPHONEOS_DEPLOYMENT_TARGET = 13.2;
				MTL_ENABLE_DEBUG_INFO = INCLUDE_SOURCE;
				MTL_FAST_MATH = YES;
				ONLY_ACTIVE_ARCH = YES;
				SDKROOT = iphoneos;
				SWIFT_ACTIVE_COMPILATION_CONDITIONS = DEBUG;
				SWIFT_OPTIMIZATION_LEVEL = "-Onone";
			};
			name = Debug;
		};
		819E00262393F4CD00389898 /* Release */ = {
			isa = XCBuildConfiguration;
			buildSettings = {
				ALWAYS_SEARCH_USER_PATHS = NO;
				CLANG_ANALYZER_NONNULL = YES;
				CLANG_ANALYZER_NUMBER_OBJECT_CONVERSION = YES_AGGRESSIVE;
				CLANG_CXX_LANGUAGE_STANDARD = "gnu++14";
				CLANG_CXX_LIBRARY = "libc++";
				CLANG_ENABLE_MODULES = YES;
				CLANG_ENABLE_OBJC_ARC = YES;
				CLANG_ENABLE_OBJC_WEAK = YES;
				CLANG_WARN_BLOCK_CAPTURE_AUTORELEASING = YES;
				CLANG_WARN_BOOL_CONVERSION = YES;
				CLANG_WARN_COMMA = YES;
				CLANG_WARN_CONSTANT_CONVERSION = YES;
				CLANG_WARN_DEPRECATED_OBJC_IMPLEMENTATIONS = YES;
				CLANG_WARN_DIRECT_OBJC_ISA_USAGE = YES_ERROR;
				CLANG_WARN_DOCUMENTATION_COMMENTS = YES;
				CLANG_WARN_EMPTY_BODY = YES;
				CLANG_WARN_ENUM_CONVERSION = YES;
				CLANG_WARN_INFINITE_RECURSION = YES;
				CLANG_WARN_INT_CONVERSION = YES;
				CLANG_WARN_NON_LITERAL_NULL_CONVERSION = YES;
				CLANG_WARN_OBJC_IMPLICIT_RETAIN_SELF = YES;
				CLANG_WARN_OBJC_LITERAL_CONVERSION = YES;
				CLANG_WARN_OBJC_ROOT_CLASS = YES_ERROR;
				CLANG_WARN_RANGE_LOOP_ANALYSIS = YES;
				CLANG_WARN_STRICT_PROTOTYPES = YES;
				CLANG_WARN_SUSPICIOUS_MOVE = YES;
				CLANG_WARN_UNGUARDED_AVAILABILITY = YES_AGGRESSIVE;
				CLANG_WARN_UNREACHABLE_CODE = YES;
				CLANG_WARN__DUPLICATE_METHOD_MATCH = YES;
				COPY_PHASE_STRIP = NO;
				DEBUG_INFORMATION_FORMAT = "dwarf-with-dsym";
				ENABLE_NS_ASSERTIONS = NO;
				ENABLE_STRICT_OBJC_MSGSEND = YES;
				GCC_C_LANGUAGE_STANDARD = gnu11;
				GCC_NO_COMMON_BLOCKS = YES;
				GCC_WARN_64_TO_32_BIT_CONVERSION = YES;
				GCC_WARN_ABOUT_RETURN_TYPE = YES_ERROR;
				GCC_WARN_UNDECLARED_SELECTOR = YES;
				GCC_WARN_UNINITIALIZED_AUTOS = YES_AGGRESSIVE;
				GCC_WARN_UNUSED_FUNCTION = YES;
				GCC_WARN_UNUSED_VARIABLE = YES;
				IPHONEOS_DEPLOYMENT_TARGET = 13.2;
				MTL_ENABLE_DEBUG_INFO = NO;
				MTL_FAST_MATH = YES;
				SDKROOT = iphoneos;
				SWIFT_COMPILATION_MODE = wholemodule;
				SWIFT_OPTIMIZATION_LEVEL = "-O";
				VALIDATE_PRODUCT = YES;
			};
			name = Release;
		};
		819E00282393F4CD00389898 /* Debug */ = {
			isa = XCBuildConfiguration;
			buildSettings = {
				ASSETCATALOG_COMPILER_APPICON_NAME = AppIcon;
				CODE_SIGN_STYLE = Automatic;
				DEVELOPMENT_TEAM = 87RV6HKP5C;
				INFOPLIST_FILE = StructionSite/Info.plist;
				IPHONEOS_DEPLOYMENT_TARGET = 13.2;
				LD_RUNPATH_SEARCH_PATHS = (
					"$(inherited)",
					"@executable_path/Frameworks",
				);
				PRODUCT_BUNDLE_IDENTIFIER = com.macoligarch.StructionSite;
				PRODUCT_NAME = "$(TARGET_NAME)";
				SWIFT_VERSION = 5.0;
				TARGETED_DEVICE_FAMILY = "1,2";
			};
			name = Debug;
		};
		819E00292393F4CD00389898 /* Release */ = {
			isa = XCBuildConfiguration;
			buildSettings = {
				ASSETCATALOG_COMPILER_APPICON_NAME = AppIcon;
				CODE_SIGN_STYLE = Automatic;
				DEVELOPMENT_TEAM = 87RV6HKP5C;
				INFOPLIST_FILE = StructionSite/Info.plist;
				IPHONEOS_DEPLOYMENT_TARGET = 13.2;
				LD_RUNPATH_SEARCH_PATHS = (
					"$(inherited)",
					"@executable_path/Frameworks",
				);
				PRODUCT_BUNDLE_IDENTIFIER = com.macoligarch.StructionSite;
				PRODUCT_NAME = "$(TARGET_NAME)";
				SWIFT_VERSION = 5.0;
				TARGETED_DEVICE_FAMILY = "1,2";
			};
			name = Release;
		};
/* End XCBuildConfiguration section */

/* Begin XCConfigurationList section */
		819E000E2393F4CD00389898 /* Build configuration list for PBXProject "StructionSite" */ = {
			isa = XCConfigurationList;
			buildConfigurations = (
				819E00252393F4CD00389898 /* Debug */,
				819E00262393F4CD00389898 /* Release */,
			);
			defaultConfigurationIsVisible = 0;
			defaultConfigurationName = Release;
		};
		819E00272393F4CD00389898 /* Build configuration list for PBXNativeTarget "StructionSite" */ = {
			isa = XCConfigurationList;
			buildConfigurations = (
				819E00282393F4CD00389898 /* Debug */,
				819E00292393F4CD00389898 /* Release */,
			);
			defaultConfigurationIsVisible = 0;
			defaultConfigurationName = Release;
		};
/* End XCConfigurationList section */
	};
	rootObject = 819E000B2393F4CD00389898 /* Project object */;
}
